
Microsoft Visual Studio Solution File, Format Version 11.00
# Visual C# Express 2010
Project("{FAE04EC0-301F-11D3-BF4B-00C04F79EFBC}") = "MLULisp", "MLULisp\MLULisp.csproj", "{9A1C22E9-7CA7-4A6D-99FC-F1565C92FA95}"
EndProject
Global
	GlobalSection(SolutionConfigurationPlatforms) = preSolution
		Debug|x86 = Debug|x86
		Release|x86 = Release|x86
	EndGlobalSection
	GlobalSection(ProjectConfigurationPlatforms) = postSolution
		{9A1C22E9-7CA7-4A6D-99FC-F1565C92FA95}.Debug|x86.ActiveCfg = Debug|x86
		{9A1C22E9-7CA7-4A6D-99FC-F1565C92FA95}.Debug|x86.Build.0 = Debug|x86
		{9A1C22E9-7CA7-4A6D-99FC-F1565C92FA95}.Release|x86.ActiveCfg = Release|x86
		{9A1C22E9-7CA7-4A6D-99FC-F1565C92FA95}.Release|x86.Build.0 = Release|x86
	EndGlobalSection
	GlobalSection(SolutionProperties) = preSolution
		HideSolutionNode = FALSE
	EndGlobalSection
EndGlobal
